
Microsoft Visual Studio Solution File, Format Version 12.00
# Visual Studio 15
VisualStudioVersion = 15.0.28010.2026
MinimumVisualStudioVersion = 10.0.40219.1
Project("{FAE04EC0-301F-11D3-BF4B-00C04F79EFBC}") = "Logit.Server", "Logit.Server\Logit.Server.csproj", "{E860FC01-DD27-4554-967A-333D83C72AF1}"
EndProject
Project("{FAE04EC0-301F-11D3-BF4B-00C04F79EFBC}") = "Logit.App", "Logit.App\Logit.App.csproj", "{0884FDC2-E02F-4355-B104-B25D72A25229}"
EndProject
Global
	GlobalSection(SolutionConfigurationPlatforms) = preSolution
		Debug|Any CPU = Debug|Any CPU
		Release|Any CPU = Release|Any CPU
	EndGlobalSection
	GlobalSection(ProjectConfigurationPlatforms) = postSolution
		{E860FC01-DD27-4554-967A-333D83C72AF1}.Debug|Any CPU.ActiveCfg = Debug|Any CPU
		{E860FC01-DD27-4554-967A-333D83C72AF1}.Debug|Any CPU.Build.0 = Debug|Any CPU
		{E860FC01-DD27-4554-967A-333D83C72AF1}.Release|Any CPU.ActiveCfg = Release|Any CPU
		{E860FC01-DD27-4554-967A-333D83C72AF1}.Release|Any CPU.Build.0 = Release|Any CPU
		{0884FDC2-E02F-4355-B104-B25D72A25229}.Debug|Any CPU.ActiveCfg = Debug|Any CPU
		{0884FDC2-E02F-4355-B104-B25D72A25229}.Debug|Any CPU.Build.0 = Debug|Any CPU
		{0884FDC2-E02F-4355-B104-B25D72A25229}.Release|Any CPU.ActiveCfg = Release|Any CPU
		{0884FDC2-E02F-4355-B104-B25D72A25229}.Release|Any CPU.Build.0 = Release|Any CPU
	EndGlobalSection
	GlobalSection(SolutionProperties) = preSolution
		HideSolutionNode = FALSE
	EndGlobalSection
	GlobalSection(ExtensibilityGlobals) = postSolution
		SolutionGuid = {36F6361E-7CD7-42A5-824C-EF48E824D7F5}
	EndGlobalSection
EndGlobal
